lockfileVersion: '6.0'

settings:
  autoInstallPeers: true
  excludeLinksFromLockfile: false

dependencies:
  react-autosuggest:
    specifier: ^10.1.0
    version: 10.1.0(react@18.2.0)

packages:

  /es6-promise@4.2.8:
    resolution: {integrity: sha512-HJDGx5daxeIvxdBxvG2cb9g4tEvwIk3i8+nhX0yGrYmZUzbkdg8QbDevheDB8gd0//uPj4c1EQua8Q+MViT0/w==}
    dev: false

  /js-tokens@4.0.0:
    resolution: {integrity: sha512-RdJUflcE3cUzKiMqQgsCu06FPu9UdIJO0beYbPhHN4k6apgJtifcoCtT9bcxOpYBtpD2kCM6Sbzg4CausW/PKQ==}
    dev: false

  /loose-envify@1.4.0:
    resolution: {integrity: sha512-lyuxPGr/Wfhrlem2CL/UcnUc1zcqKAImBDzukY7Y5F/yQiNdko6+fRLevlw1HgMySw7f611UIY408EtxRSoK3Q==}
    hasBin: true
    dependencies:
      js-tokens: 4.0.0
    dev: false

  /object-assign@3.0.0:
    resolution: {integrity: sha512-jHP15vXVGeVh1HuaA2wY6lxk+whK/x4KBG88VXeRma7CCun7iGD5qPc4eYykQ9sdQvg8jkwFKsSxHln2ybW3xQ==}
    engines: {node: '>=0.10.0'}
    dev: false

  /object-assign@4.1.1:
    resolution: {integrity: sha512-rJgTQnkUnH1sFw8yT6VSU3zD3sWmu6sZhIseY8VX+GRu3P6F7Fu+JNDoXfklElbLJSnc3FUQHVe4cU5hj+BcUg==}
    engines: {node: '>=0.10.0'}
    dev: false

  /prop-types@15.8.1:
    resolution: {integrity: sha512-oj87CgZICdulUohogVAR7AjlC0327U4el4L6eAvOqCeudMDVU0NThNaV+b9Df4dXgSP1gXMTnPdhfe/2qDH5cg==}
    dependencies:
      loose-envify: 1.4.0
      object-assign: 4.1.1
      react-is: 16.13.1
    dev: false

  /react-autosuggest@10.1.0(react@18.2.0):
    resolution: {integrity: sha512-/azBHmc6z/31s/lBf6irxPf/7eejQdR0IqnZUzjdSibtlS8+Rw/R79pgDAo6Ft5QqCUTyEQ+f0FhL+1olDQ8OA==}
    peerDependencies:
      react: '>=16.3.0'
    dependencies:
      es6-promise: 4.2.8
      prop-types: 15.8.1
      react: 18.2.0
      react-themeable: 1.1.0
      section-iterator: 2.0.0
      shallow-equal: 1.2.1
    dev: false

  /react-is@16.13.1:
    resolution: {integrity: sha512-24e6ynE2H+OKt4kqsOvNd8kBpV65zoxbA4BVsEOB3ARVWQki/DHzaUoC5KuON/BiccDaCCTZBuOcfZs70kR8bQ==}
    dev: false

  /react-themeable@1.1.0:
    resolution: {integrity: sha512-kl5tQ8K+r9IdQXZd8WLa+xxYN04lLnJXRVhHfdgwsUJr/SlKJxIejoc9z9obEkx1mdqbTw1ry43fxEUwyD9u7w==}
    dependencies:
      object-assign: 3.0.0
    dev: false

  /react@18.2.0:
    resolution: {integrity: sha512-/3IjMdb2L9QbBdWiW5e3P2/npwMBaU9mHCSCUzNln0ZCYbcfTsGbTJrU/kGemdH2IWmB2ioZ+zkxtmq6g09fGQ==}
    engines: {node: '>=0.10.0'}
    dependencies:
      loose-envify: 1.4.0
    dev: false

  /section-iterator@2.0.0:
    resolution: {integrity: sha512-xvTNwcbeDayXotnV32zLb3duQsP+4XosHpb/F+tu6VzEZFmIjzPdNk6/O+QOOx5XTh08KL2ufdXeCO33p380pQ==}
    dev: false

  /shallow-equal@1.2.1:
    resolution: {integrity: sha512-S4vJDjHHMBaiZuT9NPb616CSmLf618jawtv3sufLl6ivK8WocjAo58cXwbRV1cgqxH0Qbv+iUt6m05eqEa2IRA==}
    dev: false
